
Microsoft Visual Studio Solution File, Format Version 12.00
# Visual Studio Version 17
VisualStudioVersion = 17.5.002.0
MinimumVisualStudioVersion = 10.0.40219.1
Project("{9A19103F-16F7-4668-BE54-9A1E7A4F7556}") = "C_sharp", "C_sharp.csproj", "{348A12B6-E174-4568-840E-B9917C998746}"
EndProject
Global
	GlobalSection(SolutionConfigurationPlatforms) = preSolution
		Debug|Any CPU = Debug|Any CPU
		Release|Any CPU = Release|Any CPU
	EndGlobalSection
	GlobalSection(ProjectConfigurationPlatforms) = postSolution
		{348A12B6-E174-4568-840E-B9917C998746}.Debug|Any CPU.ActiveCfg = Debug|Any CPU
		{348A12B6-E174-4568-840E-B9917C998746}.Debug|Any CPU.Build.0 = Debug|Any CPU
		{348A12B6-E174-4568-840E-B9917C998746}.Release|Any CPU.ActiveCfg = Release|Any CPU
		{348A12B6-E174-4568-840E-B9917C998746}.Release|Any CPU.Build.0 = Release|Any CPU
	EndGlobalSection
	GlobalSection(SolutionProperties) = preSolution
		HideSolutionNode = FALSE
	EndGlobalSection
	GlobalSection(ExtensibilityGlobals) = postSolution
		SolutionGuid = {E0DBC5AC-7892-4297-B9C0-E150C0BDDBD6}
	EndGlobalSection
EndGlobal
